// !$*UTF8*$!
{
	archiveVersion = 1;
	classes = {
	};
	objectVersion = 51;
	objects = {

/* Begin PBXBuildFile section */
		09F756E226327340004AE05E /* AppDelegate.swift in Sources */ = {isa = PBXBuildFile; fileRef = 09F756E126327340004AE05E /* AppDelegate.swift */; };
		09F756E426327340004AE05E /* SceneDelegate.swift in Sources */ = {isa = PBXBuildFile; fileRef = 09F756E326327340004AE05E /* SceneDelegate.swift */; };
		09F756E626327340004AE05E /* ViewController.swift in Sources */ = {isa = PBXBuildFile; fileRef = 09F756E526327340004AE05E /* ViewController.swift */; };
		09F756E926327340004AE05E /* Main.storyboard in Resources */ = {isa = PBXBuildFile; fileRef = 09F756E726327340004AE05E /* Main.storyboard */; };
		09F756EB26327342004AE05E /* Assets.xcassets in Resources */ = {isa = PBXBuildFile; fileRef = 09F756EA26327342004AE05E /* Assets.xcassets */; };
		09F756EE26327342004AE05E /* LaunchScreen.storyboard in Resources */ = {isa = PBXBuildFile; fileRef = 09F756EC26327342004AE05E /* LaunchScreen.storyboard */; };
		09F756F926327342004AE05E /* SweetJobTests.swift in Sources */ = {isa = PBXBuildFile; fileRef = 09F756F826327342004AE05E /* SweetJobTests.swift */; };
		09F7570426327342004AE05E /* SweetJobUITests.swift in Sources */ = {isa = PBXBuildFile; fileRef = 09F7570326327342004AE05E /* SweetJobUITests.swift */; };
		09F7572926329DAE004AE05E /* Job.swift in Sources */ = {isa = PBXBuildFile; fileRef = 09F7572826329DAE004AE05E /* Job.swift */; };
		09F7573226329DEB004AE05E /* Network.swift in Sources */ = {isa = PBXBuildFile; fileRef = 09F7573126329DEB004AE05E /* Network.swift */; };
		09F7573E26329FF4004AE05E /* JobTableVIewCell.swift in Sources */ = {isa = PBXBuildFile; fileRef = 09F7573D26329FF4004AE05E /* JobTableVIewCell.swift */; };
		09F757582632BA92004AE05E /* JobViewModel.swift in Sources */ = {isa = PBXBuildFile; fileRef = 09F757572632BA92004AE05E /* JobViewModel.swift */; };
		09F757602632C1BB004AE05E /* ViewModelProtocol.swift in Sources */ = {isa = PBXBuildFile; fileRef = 09F7575F2632C1BB004AE05E /* ViewModelProtocol.swift */; };
		2A427C3B0C30EA0CEF5AE148 /* Pods_SweetJob.framework in Frameworks */ = {isa = PBXBuildFile; fileRef = 19F588627D2BC3C3FA973833 /* Pods_SweetJob.framework */; };
		708C47D67D77277D52639516 /* Pods_SweetJobTests.framework in Frameworks */ = {isa = PBXBuildFile; fileRef = AD3B980F9F693AE8CD45052E /* Pods_SweetJobTests.framework */; };
		CE78E3AE93D79F99C2B06E34 /* Pods_SweetJob_SweetJobUITests.framework in Frameworks */ = {isa = PBXBuildFile; fileRef = 3BAA7B418D0DBD4DA0207E7E /* Pods_SweetJob_SweetJobUITests.framework */; };
/* End PBXBuildFile section */

/* Begin PBXContainerItemProxy section */
		09F756F526327342004AE05E /* PBXContainerItemProxy */ = {
			isa = PBXContainerItemProxy;
			containerPortal = 09F756D626327340004AE05E /* Project object */;
			proxyType = 1;
			remoteGlobalIDString = 09F756DD26327340004AE05E;
			remoteInfo = SweetJob;
		};
		09F7570026327342004AE05E /* PBXContainerItemProxy */ = {
			isa = PBXContainerItemProxy;
			containerPortal = 09F756D626327340004AE05E /* Project object */;
			proxyType = 1;
			remoteGlobalIDString = 09F756DD26327340004AE05E;
			remoteInfo = SweetJob;
		};
/* End PBXContainerItemProxy section */

/* Begin PBXFileReference section */
		02407FD910386BEEA52D896C /* Pods-SweetJobTests.debug.xcconfig */ = {isa = PBXFileReference; includeInIndex = 1; lastKnownFileType = text.xcconfig; name = "Pods-SweetJobTests.debug.xcconfig"; path = "Target Support Files/Pods-SweetJobTests/Pods-SweetJobTests.debug.xcconfig"; sourceTree = "<group>"; };
		09F756DE26327340004AE05E /* SweetJob.app */ = {isa = PBXFileReference; explicitFileType = wrapper.application; includeInIndex = 0; path = SweetJob.app; sourceTree = BUILT_PRODUCTS_DIR; };
		09F756E126327340004AE05E /* AppDelegate.swift */ = {isa = PBXFileReference; lastKnownFileType = sourcecode.swift; path = AppDelegate.swift; sourceTree = "<group>"; };
		09F756E326327340004AE05E /* SceneDelegate.swift */ = {isa = PBXFileReference; lastKnownFileType = sourcecode.swift; path = SceneDelegate.swift; sourceTree = "<group>"; };
		09F756E526327340004AE05E /* ViewController.swift */ = {isa = PBXFileReference; lastKnownFileType = sourcecode.swift; path = ViewController.swift; sourceTree = "<group>"; };
		09F756E826327340004AE05E /* Base */ = {isa = PBXFileReference; lastKnownFileType = file.storyboard; name = Base; path = Base.lproj/Main.storyboard; sourceTree = "<group>"; };
		09F756EA26327342004AE05E /* Assets.xcassets */ = {isa = PBXFileReference; lastKnownFileType = folder.assetcatalog; path = Assets.xcassets; sourceTree = "<group>"; };
		09F756ED26327342004AE05E /* Base */ = {isa = PBXFileReference; lastKnownFileType = file.storyboard; name = Base; path = Base.lproj/LaunchScreen.storyboard; sourceTree = "<group>"; };
		09F756EF26327342004AE05E /* Info.plist */ = {isa = PBXFileReference; lastKnownFileType = text.plist.xml; path = Info.plist; sourceTree = "<group>"; };
		09F756F426327342004AE05E /* SweetJobTests.xctest */ = {isa = PBXFileReference; explicitFileType = wrapper.cfbundle; includeInIndex = 0; path = SweetJobTests.xctest; sourceTree = BUILT_PRODUCTS_DIR; };
		09F756F826327342004AE05E /* SweetJobTests.swift */ = {isa = PBXFileReference; lastKnownFileType = sourcecode.swift; path = SweetJobTests.swift; sourceTree = "<group>"; };
		09F756FA26327342004AE05E /* Info.plist */ = {isa = PBXFileReference; lastKnownFileType = text.plist.xml; path = Info.plist; sourceTree = "<group>"; };
		09F756FF26327342004AE05E /* SweetJobUITests.xctest */ = {isa = PBXFileReference; explicitFileType = wrapper.cfbundle; includeInIndex = 0; path = SweetJobUITests.xctest; sourceTree = BUILT_PRODUCTS_DIR; };
		09F7570326327342004AE05E /* SweetJobUITests.swift */ = {isa = PBXFileReference; lastKnownFileType = sourcecode.swift; path = SweetJobUITests.swift; sourceTree = "<group>"; };
		09F7570526327342004AE05E /* Info.plist */ = {isa = PBXFileReference; lastKnownFileType = text.plist.xml; path = Info.plist; sourceTree = "<group>"; };
		09F7572826329DAE004AE05E /* Job.swift */ = {isa = PBXFileReference; lastKnownFileType = sourcecode.swift; path = Job.swift; sourceTree = "<group>"; };
		09F7573126329DEB004AE05E /* Network.swift */ = {isa = PBXFileReference; lastKnownFileType = sourcecode.swift; path = Network.swift; sourceTree = "<group>"; };
		09F7573D26329FF4004AE05E /* JobTableVIewCell.swift */ = {isa = PBXFileReference; lastKnownFileType = sourcecode.swift; path = JobTableVIewCell.swift; sourceTree = "<group>"; };
		09F757572632BA92004AE05E /* JobViewModel.swift */ = {isa = PBXFileReference; lastKnownFileType = sourcecode.swift; path = JobViewModel.swift; sourceTree = "<group>"; };
		09F7575F2632C1BB004AE05E /* ViewModelProtocol.swift */ = {isa = PBXFileReference; lastKnownFileType = sourcecode.swift; path = ViewModelProtocol.swift; sourceTree = "<group>"; };
		19F588627D2BC3C3FA973833 /* Pods_SweetJob.framework */ = {isa = PBXFileReference; explicitFileType = wrapper.framework; includeInIndex = 0; path = Pods_SweetJob.framework; sourceTree = BUILT_PRODUCTS_DIR; };
		329450AF7305B0DAB179B8CF /* Pods-SweetJob.debug.xcconfig */ = {isa = PBXFileReference; includeInIndex = 1; lastKnownFileType = text.xcconfig; name = "Pods-SweetJob.debug.xcconfig"; path = "Target Support Files/Pods-SweetJob/Pods-SweetJob.debug.xcconfig"; sourceTree = "<group>"; };
		395001B8BCF8E47F9BD18D7A /* Pods-SweetJob-SweetJobUITests.debug.xcconfig */ = {isa = PBXFileReference; includeInIndex = 1; lastKnownFileType = text.xcconfig; name = "Pods-SweetJob-SweetJobUITests.debug.xcconfig"; path = "Target Support Files/Pods-SweetJob-SweetJobUITests/Pods-SweetJob-SweetJobUITests.debug.xcconfig"; sourceTree = "<group>"; };
		3BAA7B418D0DBD4DA0207E7E /* Pods_SweetJob_SweetJobUITests.framework */ = {isa = PBXFileReference; explicitFileType = wrapper.framework; includeInIndex = 0; path = Pods_SweetJob_SweetJobUITests.framework; sourceTree = BUILT_PRODUCTS_DIR; };
		43838E5652D7215B0FB2DBD9 /* Pods-SweetJob.release.xcconfig */ = {isa = PBXFileReference; includeInIndex = 1; lastKnownFileType = text.xcconfig; name = "Pods-SweetJob.release.xcconfig"; path = "Target Support Files/Pods-SweetJob/Pods-SweetJob.release.xcconfig"; sourceTree = "<group>"; };
		AD3B980F9F693AE8CD45052E /* Pods_SweetJobTests.framework */ = {isa = PBXFileReference; explicitFileType = wrapper.framework; includeInIndex = 0; path = Pods_SweetJobTests.framework; sourceTree = BUILT_PRODUCTS_DIR; };
		C5398481A86BE46673EC5748 /* Pods-SweetJob-SweetJobUITests.release.xcconfig */ = {isa = PBXFileReference; includeInIndex = 1; lastKnownFileType = text.xcconfig; name = "Pods-SweetJob-SweetJobUITests.release.xcconfig"; path = "Target Support Files/Pods-SweetJob-SweetJobUITests/Pods-SweetJob-SweetJobUITests.release.xcconfig"; sourceTree = "<group>"; };
		FC64ECD25CF1A869BC63706C /* Pods-SweetJobTests.release.xcconfig */ = {isa = PBXFileReference; includeInIndex = 1; lastKnownFileType = text.xcconfig; name = "Pods-SweetJobTests.release.xcconfig"; path = "Target Support Files/Pods-SweetJobTests/Pods-SweetJobTests.release.xcconfig"; sourceTree = "<group>"; };
/* End PBXFileReference section */

/* Begin PBXFrameworksBuildPhase section */
		09F756DB26327340004AE05E /* Frameworks */ = {
			isa = PBXFrameworksBuildPhase;
			buildActionMask = 2147483647;
			files = (
				2A427C3B0C30EA0CEF5AE148 /* Pods_SweetJob.framework in Frameworks */,
			);
			runOnlyForDeploymentPostprocessing = 0;
		};
		09F756F126327342004AE05E /* Frameworks */ = {
			isa = PBXFrameworksBuildPhase;
			buildActionMask = 2147483647;
			files = (
				708C47D67D77277D52639516 /* Pods_SweetJobTests.framework in Frameworks */,
			);
			runOnlyForDeploymentPostprocessing = 0;
		};
		09F756FC26327342004AE05E /* Frameworks */ = {
			isa = PBXFrameworksBuildPhase;
			buildActionMask = 2147483647;
			files = (
				CE78E3AE93D79F99C2B06E34 /* Pods_SweetJob_SweetJobUITests.framework in Frameworks */,
			);
			runOnlyForDeploymentPostprocessing = 0;
		};
/* End PBXFrameworksBuildPhase section */

/* Begin PBXGroup section */
		09F756D526327340004AE05E = {
			isa = PBXGroup;
			children = (
				09F756E026327340004AE05E /* SweetJob */,
				09F756F726327342004AE05E /* SweetJobTests */,
				09F7570226327342004AE05E /* SweetJobUITests */,
				09F756DF26327340004AE05E /* Products */,
				371D14BE328199D26D8932F7 /* Pods */,
				17E7A65B3A0780062A35E873 /* Frameworks */,
			);
			sourceTree = "<group>";
		};
		09F756DF26327340004AE05E /* Products */ = {
			isa = PBXGroup;
			children = (
				09F756DE26327340004AE05E /* SweetJob.app */,
				09F756F426327342004AE05E /* SweetJobTests.xctest */,
				09F756FF26327342004AE05E /* SweetJobUITests.xctest */,
			);
			name = Products;
			sourceTree = "<group>";
		};
		09F756E026327340004AE05E /* SweetJob */ = {
			isa = PBXGroup;
			children = (
				09F756E126327340004AE05E /* AppDelegate.swift */,
				09F756E326327340004AE05E /* SceneDelegate.swift */,
				09F7573026329DD6004AE05E /* Network */,
				09F7572726329D94004AE05E /* ViewController */,
				09F7571B26329D7B004AE05E /* Model */,
				09F7573926329FDA004AE05E /* View */,
				09F757562632BA81004AE05E /* ViewModel */,
				09F756EA26327342004AE05E /* Assets.xcassets */,
				09F756E726327340004AE05E /* Main.storyboard */,
				09F756EC26327342004AE05E /* LaunchScreen.storyboard */,
				09F756EF26327342004AE05E /* Info.plist */,
			);
			path = SweetJob;
			sourceTree = "<group>";
		};
		09F756F726327342004AE05E /* SweetJobTests */ = {
			isa = PBXGroup;
			children = (
				09F756F826327342004AE05E /* SweetJobTests.swift */,
				09F756FA26327342004AE05E /* Info.plist */,
			);
			path = SweetJobTests;
			sourceTree = "<group>";
		};
		09F7570226327342004AE05E /* SweetJobUITests */ = {
			isa = PBXGroup;
			children = (
				09F7570326327342004AE05E /* SweetJobUITests.swift */,
				09F7570526327342004AE05E /* Info.plist */,
			);
			path = SweetJobUITests;
			sourceTree = "<group>";
		};
		09F7571B26329D7B004AE05E /* Model */ = {
			isa = PBXGroup;
			children = (
				09F7572826329DAE004AE05E /* Job.swift */,
			);
			path = Model;
			sourceTree = "<group>";
		};
		09F7572726329D94004AE05E /* ViewController */ = {
			isa = PBXGroup;
			children = (
				09F756E526327340004AE05E /* ViewController.swift */,
			);
			name = ViewController;
			sourceTree = "<group>";
		};
		09F7573026329DD6004AE05E /* Network */ = {
			isa = PBXGroup;
			children = (
				09F7573126329DEB004AE05E /* Network.swift */,
			);
			name = Network;
			sourceTree = "<group>";
		};
		09F7573926329FDA004AE05E /* View */ = {
			isa = PBXGroup;
			children = (
				09F7573D26329FF4004AE05E /* JobTableVIewCell.swift */,
			);
			path = View;
			sourceTree = "<group>";
		};
		09F757562632BA81004AE05E /* ViewModel */ = {
			isa = PBXGroup;
			children = (
				09F7575F2632C1BB004AE05E /* ViewModelProtocol.swift */,
				09F757572632BA92004AE05E /* JobViewModel.swift */,
			);
			path = ViewModel;
			sourceTree = "<group>";
		};
		17E7A65B3A0780062A35E873 /* Frameworks */ = {
			isa = PBXGroup;
			children = (
				19F588627D2BC3C3FA973833 /* Pods_SweetJob.framework */,
				3BAA7B418D0DBD4DA0207E7E /* Pods_SweetJob_SweetJobUITests.framework */,
				AD3B980F9F693AE8CD45052E /* Pods_SweetJobTests.framework */,
			);
			name = Frameworks;
			sourceTree = "<group>";
		};
		371D14BE328199D26D8932F7 /* Pods */ = {
			isa = PBXGroup;
			children = (
				329450AF7305B0DAB179B8CF /* Pods-SweetJob.debug.xcconfig */,
				43838E5652D7215B0FB2DBD9 /* Pods-SweetJob.release.xcconfig */,
				395001B8BCF8E47F9BD18D7A /* Pods-SweetJob-SweetJobUITests.debug.xcconfig */,
				C5398481A86BE46673EC5748 /* Pods-SweetJob-SweetJobUITests.release.xcconfig */,
				02407FD910386BEEA52D896C /* Pods-SweetJobTests.debug.xcconfig */,
				FC64ECD25CF1A869BC63706C /* Pods-SweetJobTests.release.xcconfig */,
			);
			path = Pods;
			sourceTree = "<group>";
		};
/* End PBXGroup section */

/* Begin PBXNativeTarget section */
		09F756DD26327340004AE05E /* SweetJob */ = {
			isa = PBXNativeTarget;
			buildConfigurationList = 09F7570826327342004AE05E /* Build configuration list for PBXNativeTarget "SweetJob" */;
			buildPhases = (
				7A290735C209A625DDF2B574 /* [CP] Check Pods Manifest.lock */,
				09F756DA26327340004AE05E /* Sources */,
				09F756DB26327340004AE05E /* Frameworks */,
				09F756DC26327340004AE05E /* Resources */,
				4774E2949A8A861298AF4D27 /* [CP] Embed Pods Frameworks */,
			);
			buildRules = (
			);
			dependencies = (
			);
			name = SweetJob;
			productName = SweetJob;
			productReference = 09F756DE26327340004AE05E /* SweetJob.app */;
			productType = "com.apple.product-type.application";
		};
		09F756F326327342004AE05E /* SweetJobTests */ = {
			isa = PBXNativeTarget;
			buildConfigurationList = 09F7570B26327342004AE05E /* Build configuration list for PBXNativeTarget "SweetJobTests" */;
			buildPhases = (
				A6DE391815846B87B9F8525A /* [CP] Check Pods Manifest.lock */,
				09F756F026327342004AE05E /* Sources */,
				09F756F126327342004AE05E /* Frameworks */,
				09F756F226327342004AE05E /* Resources */,
			);
			buildRules = (
			);
			dependencies = (
				09F756F626327342004AE05E /* PBXTargetDependency */,
			);
			name = SweetJobTests;
			productName = SweetJobTests;
			productReference = 09F756F426327342004AE05E /* SweetJobTests.xctest */;
			productType = "com.apple.product-type.bundle.unit-test";
		};
		09F756FE26327342004AE05E /* SweetJobUITests */ = {
			isa = PBXNativeTarget;
			buildConfigurationList = 09F7570E26327342004AE05E /* Build configuration list for PBXNativeTarget "SweetJobUITests" */;
			buildPhases = (
				3F5FACF8CE07D6BB0C5A9743 /* [CP] Check Pods Manifest.lock */,
				09F756FB26327342004AE05E /* Sources */,
				09F756FC26327342004AE05E /* Frameworks */,
				09F756FD26327342004AE05E /* Resources */,
				AE4E846F356CF2E592BDC0C2 /* [CP] Embed Pods Frameworks */,
			);
			buildRules = (
			);
			dependencies = (
				09F7570126327342004AE05E /* PBXTargetDependency */,
			);
			name = SweetJobUITests;
			productName = SweetJobUITests;
			productReference = 09F756FF26327342004AE05E /* SweetJobUITests.xctest */;
			productType = "com.apple.product-type.bundle.ui-testing";
		};
/* End PBXNativeTarget section */

/* Begin PBXProject section */
		09F756D626327340004AE05E /* Project object */ = {
			isa = PBXProject;
			attributes = {
				LastSwiftUpdateCheck = 1240;
				LastUpgradeCheck = 1240;
				TargetAttributes = {
					09F756DD26327340004AE05E = {
						CreatedOnToolsVersion = 12.4;
					};
					09F756F326327342004AE05E = {
						CreatedOnToolsVersion = 12.4;
						TestTargetID = 09F756DD26327340004AE05E;
					};
					09F756FE26327342004AE05E = {
						CreatedOnToolsVersion = 12.4;
						TestTargetID = 09F756DD26327340004AE05E;
					};
				};
			};
			buildConfigurationList = 09F756D926327340004AE05E /* Build configuration list for PBXProject "SweetJob" */;
			compatibilityVersion = "Xcode 9.3";
			developmentRegion = en;
			hasScannedForEncodings = 0;
			knownRegions = (
				en,
				Base,
			);
			mainGroup = 09F756D526327340004AE05E;
			productRefGroup = 09F756DF26327340004AE05E /* Products */;
			projectDirPath = "";
			projectRoot = "";
			targets = (
				09F756DD26327340004AE05E /* SweetJob */,
				09F756F326327342004AE05E /* SweetJobTests */,
				09F756FE26327342004AE05E /* SweetJobUITests */,
			);
		};
/* End PBXProject section */

/* Begin PBXResourcesBuildPhase section */
		09F756DC26327340004AE05E /* Resources */ = {
			isa = PBXResourcesBuildPhase;
			buildActionMask = 2147483647;
			files = (
				09F756EE26327342004AE05E /* LaunchScreen.storyboard in Resources */,
				09F756EB26327342004AE05E /* Assets.xcassets in Resources */,
				09F756E926327340004AE05E /* Main.storyboard in Resources */,
			);
			runOnlyForDeploymentPostprocessing = 0;
		};
		09F756F226327342004AE05E /* Resources */ = {
			isa = PBXResourcesBuildPhase;
			buildActionMask = 2147483647;
			files = (
			);
			runOnlyForDeploymentPostprocessing = 0;
		};
		09F756FD26327342004AE05E /* Resources */ = {
			isa = PBXResourcesBuildPhase;
			buildActionMask = 2147483647;
			files = (
			);
			runOnlyForDeploymentPostprocessing = 0;
		};
/* End PBXResourcesBuildPhase section */

/* Begin PBXShellScriptBuildPhase section */
		3F5FACF8CE07D6BB0C5A9743 /* [CP] Check Pods Manifest.lock */ = {
			isa = PBXShellScriptBuildPhase;
			buildActionMask = 2147483647;
			files = (
			);
			inputFileListPaths = (
			);
			inputPaths = (
				"${PODS_PODFILE_DIR_PATH}/Podfile.lock",
				"${PODS_ROOT}/Manifest.lock",
			);
			name = "[CP] Check Pods Manifest.lock";
			outputFileListPaths = (
			);
			outputPaths = (
				"$(DERIVED_FILE_DIR)/Pods-SweetJob-SweetJobUITests-checkManifestLockResult.txt",
			);
			runOnlyForDeploymentPostprocessing = 0;
			shellPath = /bin/sh;
			shellScript = "diff \"${PODS_PODFILE_DIR_PATH}/Podfile.lock\" \"${PODS_ROOT}/Manifest.lock\" > /dev/null\nif [ $? != 0 ] ; then\n    # print error to STDERR\n    echo \"error: The sandbox is not in sync with the Podfile.lock. Run 'pod install' or update your CocoaPods installation.\" >&2\n    exit 1\nfi\n# This output is used by Xcode 'outputs' to avoid re-running this script phase.\necho \"SUCCESS\" > \"${SCRIPT_OUTPUT_FILE_0}\"\n";
			showEnvVarsInLog = 0;
		};
		4774E2949A8A861298AF4D27 /* [CP] Embed Pods Frameworks */ = {
			isa = PBXShellScriptBuildPhase;
			buildActionMask = 2147483647;
			files = (
			);
			inputFileListPaths = (
				"${PODS_ROOT}/Target Support Files/Pods-SweetJob/Pods-SweetJob-frameworks-${CONFIGURATION}-input-files.xcfilelist",
			);
			name = "[CP] Embed Pods Frameworks";
			outputFileListPaths = (
				"${PODS_ROOT}/Target Support Files/Pods-SweetJob/Pods-SweetJob-frameworks-${CONFIGURATION}-output-files.xcfilelist",
			);
			runOnlyForDeploymentPostprocessing = 0;
			shellPath = /bin/sh;
			shellScript = "\"${PODS_ROOT}/Target Support Files/Pods-SweetJob/Pods-SweetJob-frameworks.sh\"\n";
			showEnvVarsInLog = 0;
		};
		7A290735C209A625DDF2B574 /* [CP] Check Pods Manifest.lock */ = {
			isa = PBXShellScriptBuildPhase;
			buildActionMask = 2147483647;
			files = (
			);
			inputFileListPaths = (
			);
			inputPaths = (
				"${PODS_PODFILE_DIR_PATH}/Podfile.lock",
				"${PODS_ROOT}/Manifest.lock",
			);
			name = "[CP] Check Pods Manifest.lock";
			outputFileListPaths = (
			);
			outputPaths = (
				"$(DERIVED_FILE_DIR)/Pods-SweetJob-checkManifestLockResult.txt",
			);
			runOnlyForDeploymentPostprocessing = 0;
			shellPath = /bin/sh;
			shellScript = "diff \"${PODS_PODFILE_DIR_PATH}/Podfile.lock\" \"${PODS_ROOT}/Manifest.lock\" > /dev/null\nif [ $? != 0 ] ; then\n    # print error to STDERR\n    echo \"error: The sandbox is not in sync with the Podfile.lock. Run 'pod install' or update your CocoaPods installation.\" >&2\n    exit 1\nfi\n# This output is used by Xcode 'outputs' to avoid re-running this script phase.\necho \"SUCCESS\" > \"${SCRIPT_OUTPUT_FILE_0}\"\n";
			showEnvVarsInLog = 0;
		};
		A6DE391815846B87B9F8525A /* [CP] Check Pods Manifest.lock */ = {
			isa = PBXShellScriptBuildPhase;
			buildActionMask = 2147483647;
			files = (
			);
			inputFileListPaths = (
			);
			inputPaths = (
				"${PODS_PODFILE_DIR_PATH}/Podfile.lock",
				"${PODS_ROOT}/Manifest.lock",
			);
			name = "[CP] Check Pods Manifest.lock";
			outputFileListPaths = (
			);
			outputPaths = (
				"$(DERIVED_FILE_DIR)/Pods-SweetJobTests-checkManifestLockResult.txt",
			);
			runOnlyForDeploymentPostprocessing = 0;
			shellPath = /bin/sh;
			shellScript = "diff \"${PODS_PODFILE_DIR_PATH}/Podfile.lock\" \"${PODS_ROOT}/Manifest.lock\" > /dev/null\nif [ $? != 0 ] ; then\n    # print error to STDERR\n    echo \"error: The sandbox is not in sync with the Podfile.lock. Run 'pod install' or update your CocoaPods installation.\" >&2\n    exit 1\nfi\n# This output is used by Xcode 'outputs' to avoid re-running this script phase.\necho \"SUCCESS\" > \"${SCRIPT_OUTPUT_FILE_0}\"\n";
			showEnvVarsInLog = 0;
		};
		AE4E846F356CF2E592BDC0C2 /* [CP] Embed Pods Frameworks */ = {
			isa = PBXShellScriptBuildPhase;
			buildActionMask = 2147483647;
			files = (
			);
			inputFileListPaths = (
				"${PODS_ROOT}/Target Support Files/Pods-SweetJob-SweetJobUITests/Pods-SweetJob-SweetJobUITests-frameworks-${CONFIGURATION}-input-files.xcfilelist",
			);
			name = "[CP] Embed Pods Frameworks";
			outputFileListPaths = (
				"${PODS_ROOT}/Target Support Files/Pods-SweetJob-SweetJobUITests/Pods-SweetJob-SweetJobUITests-frameworks-${CONFIGURATION}-output-files.xcfilelist",
			);
			runOnlyForDeploymentPostprocessing = 0;
			shellPath = /bin/sh;
			shellScript = "\"${PODS_ROOT}/Target Support Files/Pods-SweetJob-SweetJobUITests/Pods-SweetJob-SweetJobUITests-frameworks.sh\"\n";
			showEnvVarsInLog = 0;
		};
/* End PBXShellScriptBuildPhase section */

/* Begin PBXSourcesBuildPhase section */
		09F756DA26327340004AE05E /* Sources */ = {
			isa = PBXSourcesBuildPhase;
			buildActionMask = 2147483647;
			files = (
				09F757602632C1BB004AE05E /* ViewModelProtocol.swift in Sources */,
				09F7573226329DEB004AE05E /* Network.swift in Sources */,
				09F7573E26329FF4004AE05E /* JobTableVIewCell.swift in Sources */,
				09F757582632BA92004AE05E /* JobViewModel.swift in Sources */,
				09F756E626327340004AE05E /* ViewController.swift in Sources */,
				09F756E226327340004AE05E /* AppDelegate.swift in Sources */,
				09F756E426327340004AE05E /* SceneDelegate.swift in Sources */,
				09F7572926329DAE004AE05E /* Job.swift in Sources */,
			);
			runOnlyForDeploymentPostprocessing = 0;
		};
		09F756F026327342004AE05E /* Sources */ = {
			isa = PBXSourcesBuildPhase;
			buildActionMask = 2147483647;
			files = (
				09F756F926327342004AE05E /* SweetJobTests.swift in Sources */,
			);
			runOnlyForDeploymentPostprocessing = 0;
		};
		09F756FB26327342004AE05E /* Sources */ = {
			isa = PBXSourcesBuildPhase;
			buildActionMask = 2147483647;
			files = (
				09F7570426327342004AE05E /* SweetJobUITests.swift in Sources */,
			);
			runOnlyForDeploymentPostprocessing = 0;
		};
/* End PBXSourcesBuildPhase section */

/* Begin PBXTargetDependency section */
		09F756F626327342004AE05E /* PBXTargetDependency */ = {
			isa = PBXTargetDependency;
			target = 09F756DD26327340004AE05E /* SweetJob */;
			targetProxy = 09F756F526327342004AE05E /* PBXContainerItemProxy */;
		};
		09F7570126327342004AE05E /* PBXTargetDependency */ = {
			isa = PBXTargetDependency;
			target = 09F756DD26327340004AE05E /* SweetJob */;
			targetProxy = 09F7570026327342004AE05E /* PBXContainerItemProxy */;
		};
/* End PBXTargetDependency section */

/* Begin PBXVariantGroup section */
		09F756E726327340004AE05E /* Main.storyboard */ = {
			isa = PBXVariantGroup;
			children = (
				09F756E826327340004AE05E /* Base */,
			);
			name = Main.storyboard;
			sourceTree = "<group>";
		};
		09F756EC26327342004AE05E /* LaunchScreen.storyboard */ = {
			isa = PBXVariantGroup;
			children = (
				09F756ED26327342004AE05E /* Base */,
			);
			name = LaunchScreen.storyboard;
			sourceTree = "<group>";
		};
/* End PBXVariantGroup section */

/* Begin XCBuildConfiguration section */
		09F7570626327342004AE05E /* Debug */ = {
			isa = XCBuildConfiguration;
			buildSettings = {
				ALWAYS_SEARCH_USER_PATHS = NO;
				CLANG_ANALYZER_NONNULL = YES;
				CLANG_ANALYZER_NUMBER_OBJECT_CONVERSION = YES_AGGRESSIVE;
				CLANG_CXX_LANGUAGE_STANDARD = "gnu++14";
				CLANG_CXX_LIBRARY = "libc++";
				CLANG_ENABLE_MODULES = YES;
				CLANG_ENABLE_OBJC_ARC = YES;
				CLANG_ENABLE_OBJC_WEAK = YES;
				CLANG_WARN_BLOCK_CAPTURE_AUTORELEASING = YES;
				CLANG_WARN_BOOL_CONVERSION = YES;
				CLANG_WARN_COMMA = YES;
				CLANG_WARN_CONSTANT_CONVERSION = YES;
				CLANG_WARN_DEPRECATED_OBJC_IMPLEMENTATIONS = YES;
				CLANG_WARN_DIRECT_OBJC_ISA_USAGE = YES_ERROR;
				CLANG_WARN_DOCUMENTATION_COMMENTS = YES;
				CLANG_WARN_EMPTY_BODY = YES;
				CLANG_WARN_ENUM_CONVERSION = YES;
				CLANG_WARN_INFINITE_RECURSION = YES;
				CLANG_WARN_INT_CONVERSION = YES;
				CLANG_WARN_NON_LITERAL_NULL_CONVERSION = YES;
				CLANG_WARN_OBJC_IMPLICIT_RETAIN_SELF = YES;
				CLANG_WARN_OBJC_LITERAL_CONVERSION = YES;
				CLANG_WARN_OBJC_ROOT_CLASS = YES_ERROR;
				CLANG_WARN_QUOTED_INCLUDE_IN_FRAMEWORK_HEADER = YES;
				CLANG_WARN_RANGE_LOOP_ANALYSIS = YES;
				CLANG_WARN_STRICT_PROTOTYPES = YES;
				CLANG_WARN_SUSPICIOUS_MOVE = YES;
				CLANG_WARN_UNGUARDED_AVAILABILITY = YES_AGGRESSIVE;
				CLANG_WARN_UNREACHABLE_CODE = YES;
				CLANG_WARN__DUPLICATE_METHOD_MATCH = YES;
				COPY_PHASE_STRIP = NO;
				DEBUG_INFORMATION_FORMAT = dwarf;
				ENABLE_STRICT_OBJC_MSGSEND = YES;
				ENABLE_TESTABILITY = YES;
				GCC_C_LANGUAGE_STANDARD = gnu11;
				GCC_DYNAMIC_NO_PIC = NO;
				GCC_NO_COMMON_BLOCKS = YES;
				GCC_OPTIMIZATION_LEVEL = 0;
				GCC_PREPROCESSOR_DEFINITIONS = (
					"DEBUG=1",
					"$(inherited)",
				);
				GCC_WARN_64_TO_32_BIT_CONVERSION = YES;
				GCC_WARN_ABOUT_RETURN_TYPE = YES_ERROR;
				GCC_WARN_UNDECLARED_SELECTOR = YES;
				GCC_WARN_UNINITIALIZED_AUTOS = YES_AGGRESSIVE;
				GCC_WARN_UNUSED_FUNCTION = YES;
				GCC_WARN_UNUSED_VARIABLE = YES;
				IPHONEOS_DEPLOYMENT_TARGET = 14.4;
				MTL_ENABLE_DEBUG_INFO = INCLUDE_SOURCE;
				MTL_FAST_MATH = YES;
				ONLY_ACTIVE_ARCH = YES;
				SDKROOT = iphoneos;
				SWIFT_ACTIVE_COMPILATION_CONDITIONS = DEBUG;
				SWIFT_OPTIMIZATION_LEVEL = "-Onone";
			};
			name = Debug;
		};
		09F7570726327342004AE05E /* Release */ = {
			isa = XCBuildConfiguration;
			buildSettings = {
				ALWAYS_SEARCH_USER_PATHS = NO;
				CLANG_ANALYZER_NONNULL = YES;
				CLANG_ANALYZER_NUMBER_OBJECT_CONVERSION = YES_AGGRESSIVE;
				CLANG_CXX_LANGUAGE_STANDARD = "gnu++14";
				CLANG_CXX_LIBRARY = "libc++";
				CLANG_ENABLE_MODULES = YES;
				CLANG_ENABLE_OBJC_ARC = YES;
				CLANG_ENABLE_OBJC_WEAK = YES;
				CLANG_WARN_BLOCK_CAPTURE_AUTORELEASING = YES;
				CLANG_WARN_BOOL_CONVERSION = YES;
				CLANG_WARN_COMMA = YES;
				CLANG_WARN_CONSTANT_CONVERSION = YES;
				CLANG_WARN_DEPRECATED_OBJC_IMPLEMENTATIONS = YES;
				CLANG_WARN_DIRECT_OBJC_ISA_USAGE = YES_ERROR;
				CLANG_WARN_DOCUMENTATION_COMMENTS = YES;
				CLANG_WARN_EMPTY_BODY = YES;
				CLANG_WARN_ENUM_CONVERSION = YES;
				CLANG_WARN_INFINITE_RECURSION = YES;
				CLANG_WARN_INT_CONVERSION = YES;
				CLANG_WARN_NON_LITERAL_NULL_CONVERSION = YES;
				CLANG_WARN_OBJC_IMPLICIT_RETAIN_SELF = YES;
				CLANG_WARN_OBJC_LITERAL_CONVERSION = YES;
				CLANG_WARN_OBJC_ROOT_CLASS = YES_ERROR;
				CLANG_WARN_QUOTED_INCLUDE_IN_FRAMEWORK_HEADER = YES;
				CLANG_WARN_RANGE_LOOP_ANALYSIS = YES;
				CLANG_WARN_STRICT_PROTOTYPES = YES;
				CLANG_WARN_SUSPICIOUS_MOVE = YES;
				CLANG_WARN_UNGUARDED_AVAILABILITY = YES_AGGRESSIVE;
				CLANG_WARN_UNREACHABLE_CODE = YES;
				CLANG_WARN__DUPLICATE_METHOD_MATCH = YES;
				COPY_PHASE_STRIP = NO;
				DEBUG_INFORMATION_FORMAT = "dwarf-with-dsym";
				ENABLE_NS_ASSERTIONS = NO;
				ENABLE_STRICT_OBJC_MSGSEND = YES;
				GCC_C_LANGUAGE_STANDARD = gnu11;
				GCC_NO_COMMON_BLOCKS = YES;
				GCC_WARN_64_TO_32_BIT_CONVERSION = YES;
				GCC_WARN_ABOUT_RETURN_TYPE = YES_ERROR;
				GCC_WARN_UNDECLARED_SELECTOR = YES;
				GCC_WARN_UNINITIALIZED_AUTOS = YES_AGGRESSIVE;
				GCC_WARN_UNUSED_FUNCTION = YES;
				GCC_WARN_UNUSED_VARIABLE = YES;
				IPHONEOS_DEPLOYMENT_TARGET = 14.4;
				MTL_ENABLE_DEBUG_INFO = NO;
				MTL_FAST_MATH = YES;
				SDKROOT = iphoneos;
				SWIFT_COMPILATION_MODE = wholemodule;
				SWIFT_OPTIMIZATION_LEVEL = "-O";
				VALIDATE_PRODUCT = YES;
			};
			name = Release;
		};
		09F7570926327342004AE05E /* Debug */ = {
			isa = XCBuildConfiguration;
			baseConfigurationReference = 329450AF7305B0DAB179B8CF /* Pods-SweetJob.debug.xcconfig */;
			buildSettings = {
				ASSETCATALOG_COMPILER_APPICON_NAME = AppIcon;
				ASSETCATALOG_COMPILER_GLOBAL_ACCENT_COLOR_NAME = AccentColor;
				CODE_SIGN_STYLE = Automatic;
				INFOPLIST_FILE = SweetJob/Info.plist;
				LD_RUNPATH_SEARCH_PATHS = (
					"$(inherited)",
					"@executable_path/Frameworks",
				);
				PRODUCT_BUNDLE_IDENTIFIER = com.SweetJob.SweetJob;
				PRODUCT_NAME = "$(TARGET_NAME)";
				SWIFT_VERSION = 5.0;
				TARGETED_DEVICE_FAMILY = "1,2";
			};
			name = Debug;
		};
		09F7570A26327342004AE05E /* Release */ = {
			isa = XCBuildConfiguration;
			baseConfigurationReference = 43838E5652D7215B0FB2DBD9 /* Pods-SweetJob.release.xcconfig */;
			buildSettings = {
				ASSETCATALOG_COMPILER_APPICON_NAME = AppIcon;
				ASSETCATALOG_COMPILER_GLOBAL_ACCENT_COLOR_NAME = AccentColor;
				CODE_SIGN_STYLE = Automatic;
				INFOPLIST_FILE = SweetJob/Info.plist;
				LD_RUNPATH_SEARCH_PATHS = (
					"$(inherited)",
					"@executable_path/Frameworks",
				);
				PRODUCT_BUNDLE_IDENTIFIER = com.SweetJob.SweetJob;
				PRODUCT_NAME = "$(TARGET_NAME)";
				SWIFT_VERSION = 5.0;
				TARGETED_DEVICE_FAMILY = "1,2";
			};
			name = Release;
		};
		09F7570C26327342004AE05E /* Debug */ = {
			isa = XCBuildConfiguration;
			baseConfigurationReference = 02407FD910386BEEA52D896C /* Pods-SweetJobTests.debug.xcconfig */;
			buildSettings = {
				ALWAYS_EMBED_SWIFT_STANDARD_LIBRARIES = YES;
				BUNDLE_LOADER = "$(TEST_HOST)";
				CODE_SIGN_STYLE = Automatic;
				INFOPLIST_FILE = SweetJobTests/Info.plist;
				IPHONEOS_DEPLOYMENT_TARGET = 14.4;
				LD_RUNPATH_SEARCH_PATHS = (
					"$(inherited)",
					"@executable_path/Frameworks",
					"@loader_path/Frameworks",
				);
				PRODUCT_BUNDLE_IDENTIFIER = com.SweetJob.SweetJobTests;
				PRODUCT_NAME = "$(TARGET_NAME)";
				SWIFT_VERSION = 5.0;
				TARGETED_DEVICE_FAMILY = "1,2";
				TEST_HOST = "$(BUILT_PRODUCTS_DIR)/SweetJob.app/SweetJob";
			};
			name = Debug;
		};
		09F7570D26327342004AE05E /* Release */ = {
			isa = XCBuildConfiguration;
			baseConfigurationReference = FC64ECD25CF1A869BC63706C /* Pods-SweetJobTests.release.xcconfig */;
			buildSettings = {
				ALWAYS_EMBED_SWIFT_STANDARD_LIBRARIES = YES;
				BUNDLE_LOADER = "$(TEST_HOST)";
				CODE_SIGN_STYLE = Automatic;
				INFOPLIST_FILE = SweetJobTests/Info.plist;
				IPHONEOS_DEPLOYMENT_TARGET = 14.4;
				LD_RUNPATH_SEARCH_PATHS = (
					"$(inherited)",
					"@executable_path/Frameworks",
					"@loader_path/Frameworks",
				);
				PRODUCT_BUNDLE_IDENTIFIER = com.SweetJob.SweetJobTests;
				PRODUCT_NAME = "$(TARGET_NAME)";
				SWIFT_VERSION = 5.0;
				TARGETED_DEVICE_FAMILY = "1,2";
				TEST_HOST = "$(BUILT_PRODUCTS_DIR)/SweetJob.app/SweetJob";
			};
			name = Release;
		};
		09F7570F26327342004AE05E /* Debug */ = {
			isa = XCBuildConfiguration;
			baseConfigurationReference = 395001B8BCF8E47F9BD18D7A /* Pods-SweetJob-SweetJobUITests.debug.xcconfig */;
			buildSettings = {
				ALWAYS_EMBED_SWIFT_STANDARD_LIBRARIES = YES;
				CODE_SIGN_STYLE = Automatic;
				INFOPLIST_FILE = SweetJobUITests/Info.plist;
				LD_RUNPATH_SEARCH_PATHS = (
					"$(inherited)",
					"@executable_path/Frameworks",
					"@loader_path/Frameworks",
				);
				PRODUCT_BUNDLE_IDENTIFIER = com.SweetJob.SweetJobUITests;
				PRODUCT_NAME = "$(TARGET_NAME)";
				SWIFT_VERSION = 5.0;
				TARGETED_DEVICE_FAMILY = "1,2";
				TEST_TARGET_NAME = SweetJob;
			};
			name = Debug;
		};
		09F7571026327342004AE05E /* Release */ = {
			isa = XCBuildConfiguration;
			baseConfigurationReference = C5398481A86BE46673EC5748 /* Pods-SweetJob-SweetJobUITests.release.xcconfig */;
			buildSettings = {
				ALWAYS_EMBED_SWIFT_STANDARD_LIBRARIES = YES;
				CODE_SIGN_STYLE = Automatic;
				INFOPLIST_FILE = SweetJobUITests/Info.plist;
				LD_RUNPATH_SEARCH_PATHS = (
					"$(inherited)",
					"@executable_path/Frameworks",
					"@loader_path/Frameworks",
				);
				PRODUCT_BUNDLE_IDENTIFIER = com.SweetJob.SweetJobUITests;
				PRODUCT_NAME = "$(TARGET_NAME)";
				SWIFT_VERSION = 5.0;
				TARGETED_DEVICE_FAMILY = "1,2";
				TEST_TARGET_NAME = SweetJob;
			};
			name = Release;
		};
/* End XCBuildConfiguration section */

/* Begin XCConfigurationList section */
		09F756D926327340004AE05E /* Build configuration list for PBXProject "SweetJob" */ = {
			isa = XCConfigurationList;
			buildConfigurations = (
				09F7570626327342004AE05E /* Debug */,
				09F7570726327342004AE05E /* Release */,
			);
			defaultConfigurationIsVisible = 0;
			defaultConfigurationName = Release;
		};
		09F7570826327342004AE05E /* Build configuration list for PBXNativeTarget "SweetJob" */ = {
			isa = XCConfigurationList;
			buildConfigurations = (
				09F7570926327342004AE05E /* Debug */,
				09F7570A26327342004AE05E /* Release */,
			);
			defaultConfigurationIsVisible = 0;
			defaultConfigurationName = Release;
		};
		09F7570B26327342004AE05E /* Build configuration list for PBXNativeTarget "SweetJobTests" */ = {
			isa = XCConfigurationList;
			buildConfigurations = (
				09F7570C26327342004AE05E /* Debug */,
				09F7570D26327342004AE05E /* Release */,
			);
			defaultConfigurationIsVisible = 0;
			defaultConfigurationName = Release;
		};
		09F7570E26327342004AE05E /* Build configuration list for PBXNativeTarget "SweetJobUITests" */ = {
			isa = XCConfigurationList;
			buildConfigurations = (
				09F7570F26327342004AE05E /* Debug */,
				09F7571026327342004AE05E /* Release */,
			);
			defaultConfigurationIsVisible = 0;
			defaultConfigurationName = Release;
		};
/* End XCConfigurationList section */
	};
	rootObject = 09F756D626327340004AE05E /* Project object */;
}
